# THIS IS AN AUTOGENERATED FILE. DO NOT EDIT THIS FILE DIRECTLY.
# yarn lockfile v1


"@babel/code-frame@^8.0.0":
  version "8.0.0"
  resolved "https://registry.yarnpkg.com/@babel/code-frame/-/code-frame-8.0.0.tgz#f374ea9392011ffecf223805dd0d9315606e5bbf"
  integrity sha512-dYYg153EyN2Ekbqw2zAsbd6/JR+9N2SEoC7YV2GyyqMM7x9bLDTjBD6XBhSMLH0wtIVyJj03jWNriQhaN+eoCw==
  dependencies:
    "@babel/helper-validator-identifier" "^8.0.0"
    js-tokens "^10.0.0"

"@babel/helper-validator-identifier@^8.0.0":
  version "8.0.4"
  resolved "https://registry.yarnpkg.com/@babel/helper-validator-identifier/-/helper-validator-identifier-8.0.4.tgz#60e427a9be7a101af52f14588def2dad8a9f9881"
  integrity sha512-4wFaiLd0bVo4cIoTXI3zKI038NIWE/cr3jvBjejOVYVxV/m8Ltav1USiGzG1fmS5J2RhgEOgXNNK46cRPnRsrg==

"@colordx/core@^5.4.3":
  version "5.5.0"
  resolved "https://registry.yarnpkg.com/@colordx/core/-/core-5.5.0.tgz#d786dfde8781bbe56a0be9f862f9ab5d1ab4629d"
  integrity sha512-3PxTH8itZzltK0U9jTwVVnjLXvnDYuq3m+QXsHkENxWiPRh4WaoLcs1SQjqgZ55kS+QyirpH5BVwzP2gMVG6EQ==

"@jridgewell/gen-mapping@^0.3.5":
  version "0.3.13"
  resolved "https://registry.yarnpkg.com/@jridgewell/gen-mapping/-/gen-mapping-0.3.13.tgz#6342a19f44347518c93e43b1ac69deb3c4656a1f"
  integrity sha512-2kkt/7niJ6MgEPxF0bYdQ6etZaA+fQvDcLKckhy1yIQOzaoKjBBjSj63/aLVjYE3qhRt5dvM+uUyfCg6UKCBbA==
  dependencies:
    "@jridgewell/sourcemap-codec" "^1.5.0"
    "@jridgewell/trace-mapping" "^0.3.24"

"@jridgewell/resolve-uri@^3.1.0":
  version "3.1.2"
  resolved "https://registry.yarnpkg.com/@jridgewell/resolve-uri/-/resolve-uri-3.1.2.tgz#7a0ee601f60f99a20c7c7c5ff0c80388c1189bd6"
  integrity sha512-bRISgCIjP20/tbWSPWMEi54QVPRZExkuD9lJL+UIxUKtwVJA8wW1Trb1jMs1RFXo1CBTNZ/5hpC9QvmKWdopKw==

"@jridgewell/source-map@^0.3.3":
  version "0.3.11"
  resolved "https://registry.yarnpkg.com/@jridgewell/source-map/-/source-map-0.3.11.tgz#b21835cbd36db656b857c2ad02ebd413cc13a9ba"
  integrity sha512-ZMp1V8ZFcPG5dIWnQLr3NSI1MiCU7UETdS/A0G8V/XWHvJv3ZsFqutJn1Y5RPmAPX6F3BiE397OqveU/9NCuIA==
  dependencies:
    "@jridgewell/gen-mapping" "^0.3.5"
    "@jridgewell/trace-mapping" "^0.3.25"

"@jridgewell/sourcemap-codec@^1.4.14", "@jridgewell/sourcemap-codec@^1.5.0":
  version "1.5.5"
  resolved "https://registry.yarnpkg.com/@jridgewell/sourcemap-codec/-/sourcemap-codec-1.5.5.tgz#6912b00d2c631c0d15ce1a7ab57cd657f2a8f8ba"
  integrity sha512-cYQ9310grqxueWbl+WuIUIaiUaDcj7WOq5fVhEljNVgRfOUhY9fy2zTvfoqWsnebh8Sl70VScFbICvJnLKB0Og==

"@jridgewell/trace-mapping@^0.3.24", "@jridgewell/trace-mapping@^0.3.25":
  version "0.3.31"
  resolved "https://registry.yarnpkg.com/@jridgewell/trace-mapping/-/trace-mapping-0.3.31.tgz#db15d6781c931f3a251a3dac39501c98a6082fd0"
  integrity sha512-zzNR+SdQSDJzc8joaeP8QQoCQr8NuYx2dIIytl1QeBEZHJ9uW6hebsrYgbz8hJwUQao3TWCMtmfV8Nu1twOLAw==
  dependencies:
    "@jridgewell/resolve-uri" "^3.1.0"
    "@jridgewell/sourcemap-codec" "^1.4.14"

"@types/node@^26.1.1":
  version "26.1.1"
  resolved "https://registry.yarnpkg.com/@types/node/-/node-26.1.1.tgz#bad758d601e97d6cf457d204ee76a35fce7bd119"
  integrity sha512-nxAkRSVkN1Y0JC1W8ky/fTfkGsMmcrRsbx+3XoZE+rMOX71kLYTV7fLXpqud1GpbpP5TuffXFqfX7fH2GgZREw==
  dependencies:
    undici-types "~8.3.0"

acorn@^8.15.0:
  version "8.17.0"
  resolved "https://registry.yarnpkg.com/acorn/-/acorn-8.17.0.tgz#1785adb84faf8d8add10369b93826fc2bd08f1fe"
  integrity sha512-xRQbDb9BnwDafYNn6Vwl839DYVjqXYb1XVGtWAZ1kcDc6iwAL4hg3B1dZlRiuENFeO2H53gFG3in621AdERVAg==

baseline-browser-mapping@^2.10.44:
  version "2.11.3"
  resolved "https://registry.yarnpkg.com/baseline-browser-mapping/-/baseline-browser-mapping-2.11.3.tgz#3ab75c7ebb6a72fb8ca2cd5e1eea82e2b9b05bce"
  integrity sha512-sbT0Ui/CZwyAyy7icT1Gw5P1LKRlFaHwaF6tDCW5YHq2X5SeeZFphBuIagopSfwSSZq3sQcbmEL072yphxm7ew==

boolbase@^1.0.0:
  version "1.0.0"
  resolved "https://registry.yarnpkg.com/boolbase/-/boolbase-1.0.0.tgz#68dff5fbe60c51eb37725ea9e3ed310dcc1e776e"
  integrity sha512-JZOSA7Mo9sNGB8+UjSgzdLtokWAky1zbztM3WRLCbZ70/3cTANmQmOdR7y2g+J0e2WXywy1yS468tY+IruqEww==

browserslist@^4.0.0, browserslist@^4.28.1, browserslist@^4.28.2:
  version "4.28.7"
  resolved "https://registry.yarnpkg.com/browserslist/-/browserslist-4.28.7.tgz#409046517fccd2e51cdc20f077454b7141184028"
  integrity sha512-JxV13hNrFxqjOc8alRbq9dK1MM79NEXYpma2B2J4wAtpWS5zIEIKqWPGCl7N4o7Uc7B7itylh7SuDujATRyyTw==
  dependencies:
    baseline-browser-mapping "^2.10.44"
    caniuse-lite "^1.0.30001806"
    electron-to-chromium "^1.5.393"
    node-releases "^2.0.51"
    update-browserslist-db "^1.2.3"

buffer-from@^1.0.0:
  version "1.1.2"
  resolved "https://registry.yarnpkg.com/buffer-from/-/buffer-from-1.1.2.tgz#2b146a6fd72e80b4f55d255f35ed59a3a9a41bd5"
  integrity sha512-E+XQCRwSbaaiChtv6k6Dwgc+bx+Bs6vuKJHHl5kox/BaKbhiXzqQOwK4cO22yElGp2OCmjwVhT3HmxgyPGnJfQ==

caniuse-api@^4.0.0:
  version "4.0.0"
  resolved "https://registry.yarnpkg.com/caniuse-api/-/caniuse-api-4.0.0.tgz#916db90089176d882d365159f97d9d9900233c8f"
  integrity sha512-B0hQ1OLyJuHTQSOWXvwibWqM6DCoqJdvBA6X1S/53bd4XU7LJ1yurIPlrsouol3mw1jh9pGI4ivubSpmJeIqCA==
  dependencies:
    browserslist "^4.0.0"
    caniuse-lite "^1.0.0"

caniuse-lite@^1.0.0, caniuse-lite@^1.0.30001806:
  version "1.0.30001806"
  resolved "https://registry.yarnpkg.com/caniuse-lite/-/caniuse-lite-1.0.30001806.tgz#1bc8e502b723fa393455dfbedd5ccec0c29bb74e"
  integrity sha512-72Cuvd95zbSYPKq6Fhg8eDJRlzgWDf7/mtoZv6Qe/DYNCEBdNxoA3+rZAU2ZhGCpZlns3EssFavaZomckT5Uuw==

commander@^11.1.0:
  version "11.1.0"
  resolved "https://registry.yarnpkg.com/commander/-/commander-11.1.0.tgz#62fdce76006a68e5c1ab3314dc92e800eb83d906"
  integrity sha512-yPVavfyCcRhmorC7rWlkHn15b4wDVgVmBA7kV4QVBsF7kv/9TKJAbAXVTxvTnwP8HHKjRCJDClKbciiYS7p0DQ==

commander@^2.20.0:
  version "2.20.3"
  resolved "https://registry.yarnpkg.com/commander/-/commander-2.20.3.tgz#fd485e84c03eb4881c20722ba48035e8531aeb33"
  integrity sha512-GpVkmM8vF2vQUkj2LvZmD35JxeJOLCwJ9cUkugyk2nuhbv3+mJvpLYYt+0+USMxE+oj+ey/lJEnhZw75x/OMcQ==

css-select@^5.1.0:
  version "5.2.2"
  resolved "https://registry.yarnpkg.com/css-select/-/css-select-5.2.2.tgz#01b6e8d163637bb2dd6c982ca4ed65863682786e"
  integrity sha512-TizTzUddG/xYLA3NXodFM0fSbNizXjOKhqiQQwvhlspadZokn1KDy0NZFS0wuEubIYAV5/c1/lAr0TaaFXEXzw==
  dependencies:
    boolbase "^1.0.0"
    css-what "^6.1.0"
    domhandler "^5.0.2"
    domutils "^3.0.1"
    nth-check "^2.0.1"

css-tree@^3.0.1:
  version "3.2.1"
  resolved "https://registry.yarnpkg.com/css-tree/-/css-tree-3.2.1.tgz#86cac7011561272b30e6b1e042ba6ce047aa7518"
  integrity sha512-X7sjQzceUhu1u7Y/ylrRZFU2FS6LRiFVp6rKLPg23y3x3c3DOKAwuXGDp+PAGjh6CSnCjYeAul8pcT8bAl+lSA==
  dependencies:
    mdn-data "2.27.1"
    source-map-js "^1.2.1"

css-tree@~2.2.0:
  version "2.2.1"
  resolved "https://registry.yarnpkg.com/css-tree/-/css-tree-2.2.1.tgz#36115d382d60afd271e377f9c5f67d02bd48c032"
  integrity sha512-OA0mILzGc1kCOCSJerOeqDxDQ4HOh+G8NbOJFOTgOCzpw7fCBubk0fEyxp8AgOL/jvLgYA/uV0cMbe43ElF1JA==
  dependencies:
    mdn-data "2.0.28"
    source-map-js "^1.0.1"

css-what@^6.1.0:
  version "6.2.2"
  resolved "https://registry.yarnpkg.com/css-what/-/css-what-6.2.2.tgz#cdcc8f9b6977719fdfbd1de7aec24abf756b9dea"
  integrity sha512-u/O3vwbptzhMs3L1fQE82ZSLHQQfto5gyZzwteVIEyeaY5Fc7R4dapF/BvRoSYFeqfBk4m0V1Vafq5Pjv25wvA==

cssesc@^3.0.0:
  version "3.0.0"
  resolved "https://registry.yarnpkg.com/cssesc/-/cssesc-3.0.0.tgz#37741919903b868565e1c09ea747445cd18983ee"
  integrity sha512-/Tb/JcjK111nNScGob5MNtsntNM1aCNUDipB/TkwZFhyDrrE47SOx/18wF2bbjgc3ZzCSKW1T5nt5EbFoAz/Vg==

cssnano-preset-default@^8.0.2:
  version "8.0.2"
  resolved "https://registry.yarnpkg.com/cssnano-preset-default/-/cssnano-preset-default-8.0.2.tgz#f86ae8a7a50c1bade610cdc44dbd171e80b070fe"
  integrity sha512-+jQAqIKCqMmBjZs7741XkilU93ITZ/EW8gjAkMmujdCzfDkfjrDBv2VqkSu29Fzeig/0rZ3S9IAwfPLlmXEUfQ==
  dependencies:
    browserslist "^4.28.2"
    cssnano-utils "^6.0.1"
    postcss-calc "^10.1.1"
    postcss-colormin "^8.0.1"
    postcss-convert-values "^8.0.1"
    postcss-discard-comments "^8.0.1"
    postcss-discard-duplicates "^8.0.1"
    postcss-discard-empty "^8.0.1"
    postcss-discard-overridden "^8.0.1"
    postcss-merge-longhand "^8.0.1"
    postcss-merge-rules "^8.0.1"
    postcss-minify-font-values "^8.0.1"
    postcss-minify-gradients "^8.0.1"
    postcss-minify-params "^8.0.1"
    postcss-minify-selectors "^8.0.2"
    postcss-normalize-charset "^8.0.1"
    postcss-normalize-display-values "^8.0.1"
    postcss-normalize-positions "^8.0.1"
    postcss-normalize-repeat-style "^8.0.1"
    postcss-normalize-string "^8.0.1"
    postcss-normalize-timing-functions "^8.0.1"
    postcss-normalize-unicode "^8.0.1"
    postcss-normalize-url "^8.0.1"
    postcss-normalize-whitespace "^8.0.1"
    postcss-ordered-values "^8.0.1"
    postcss-reduce-initial "^8.0.1"
    postcss-reduce-transforms "^8.0.1"
    postcss-svgo "^8.0.1"
    postcss-unique-selectors "^8.0.1"

cssnano-utils@^6.0.1:
  version "6.0.1"
  resolved "https://registry.yarnpkg.com/cssnano-utils/-/cssnano-utils-6.0.1.tgz#814c1dc1035ef5dcc4fdff28de78c21c1b885312"
  integrity sha512-zk65GIxA8tCjqVk7nTm1mE+ZKxtnxAvU5JSUaBLXbAr3ZF7IOvz3fbPOnEDvZKhnS7GOIitXTS5BgehLzNoc8Q==

cssnano@^8.0.2:
  version "8.0.2"
  resolved "https://registry.yarnpkg.com/cssnano/-/cssnano-8.0.2.tgz#89315dd9f1e64f704915492a7ed75e18075643fb"
  integrity sha512-K+a76gA1v0/CsYgcsE95HGGyIuPKxpQSetwSwz4nHEM8fFXqSkzq2JzEXFL8v5+CCjxzVVVhPcTK3Oo8SaF/xA==
  dependencies:
    cssnano-preset-default "^8.0.2"
    lilconfig "^3.1.3"

csso@^5.0.5:
  version "5.0.5"
  resolved "https://registry.yarnpkg.com/csso/-/csso-5.0.5.tgz#f9b7fe6cc6ac0b7d90781bb16d5e9874303e2ca6"
  integrity sha512-0LrrStPOdJj+SPCCrGhzryycLjwcgUSHBtxNA8aIDxf0GLsRh1cKYhB00Gd1lDOS4yGH69+SNn13+TWbVHETFQ==
  dependencies:
    css-tree "~2.2.0"

dom-serializer@^2.0.0:
  version "2.0.0"
  resolved "https://registry.yarnpkg.com/dom-serializer/-/dom-serializer-2.0.0.tgz#e41b802e1eedf9f6cae183ce5e622d789d7d8e53"
  integrity sha512-wIkAryiqt/nV5EQKqQpo3SToSOV9J0DnbJqwK7Wv/Trc92zIAYZ4FlMu+JPFW1DfGFt81ZTCGgDEabffXeLyJg==
  dependencies:
    domelementtype "^2.3.0"
    domhandler "^5.0.2"
    entities "^4.2.0"

domelementtype@^2.3.0:
  version "2.3.0"
  resolved "https://registry.yarnpkg.com/domelementtype/-/domelementtype-2.3.0.tgz#5c45e8e869952626331d7aab326d01daf65d589d"
  integrity sha512-OLETBj6w0OsagBwdXnPdN0cnMfF9opN69co+7ZrbfPGrdpPVNBUj02spi6B1N7wChLQiPn4CSH/zJvXw56gmHw==

domhandler@^5.0.2, domhandler@^5.0.3:
  version "5.0.3"
  resolved "https://registry.yarnpkg.com/domhandler/-/domhandler-5.0.3.tgz#cc385f7f751f1d1fc650c21374804254538c7d31"
  integrity sha512-cgwlv/1iFQiFnU96XXgROh8xTeetsnJiDsTc7TYCLFd9+/WNkIqPTxiM/8pSd8VIrhXGTf1Ny1q1hquVqDJB5w==
  dependencies:
    domelementtype "^2.3.0"

domutils@^3.0.1:
  version "3.2.2"
  resolved "https://registry.yarnpkg.com/domutils/-/domutils-3.2.2.tgz#edbfe2b668b0c1d97c24baf0f1062b132221bc78"
  integrity sha512-6kZKyUajlDuqlHKVX1w7gyslj9MPIXzIFiz/rGu35uC1wMi+kMhQwGhl4lt9unC9Vb9INnY9Z3/ZA3+FhASLaw==
  dependencies:
    dom-serializer "^2.0.0"
    domelementtype "^2.3.0"
    domhandler "^5.0.3"

electron-to-chromium@^1.5.393:
  version "1.5.396"
  resolved "https://registry.yarnpkg.com/electron-to-chromium/-/electron-to-chromium-1.5.396.tgz#4aa96428486c8d1c9c8aeb205b2d6e04928ca046"
  integrity sha512-yHiw2Y3C3H9U6TMbOfoWK/BPreiOPXRfTWPBwQBoZG6/8TB6eOPnsy5oaRYuatR7Fw2SJ4kKforgufeo7fq0EQ==

entities@^4.2.0:
  version "4.5.0"
  resolved "https://registry.yarnpkg.com/entities/-/entities-4.5.0.tgz#5d268ea5e7113ec74c4d033b79ea5a35a488fb48"
  integrity sha512-V0hjH4dGPh9Ao5p0MoRY6BVqtwCjhz6vI5LT8AJ55H+4g9/4vbHx1I54fS0XuclLhDHArPQCiMjDxjaL8fPxhw==

escalade@^3.2.0:
  version "3.2.0"
  resolved "https://registry.yarnpkg.com/escalade/-/escalade-3.2.0.tgz#011a3f69856ba189dffa7dc8fcce99d2a87903e5"
  integrity sha512-WUj2qlxaQtO4g6Pq5c29GTcWGDyd8itL8zTlipgECz3JesAiiOKotd8JU6otB3PACgG6xkJUyVhboMS+bje/jA==

js-tokens@^10.0.0:
  version "10.0.0"
  resolved "https://registry.yarnpkg.com/js-tokens/-/js-tokens-10.0.0.tgz#dffe7599b4a8bb7fe30aff8d0235234dffb79831"
  integrity sha512-lM/UBzQmfJRo9ABXbPWemivdCW8V2G8FHaHdypQaIy523snUjog0W71ayWXTjiR+ixeMyVHN2XcpnTd/liPg/Q==

lilconfig@^3.1.3:
  version "3.1.3"
  resolved "https://registry.yarnpkg.com/lilconfig/-/lilconfig-3.1.3.tgz#a1bcfd6257f9585bf5ae14ceeebb7b559025e4c4"
  integrity sha512-/vlFKAoH5Cgt3Ie+JLhRbwOsCQePABiU3tJ1egGvyQ+33R/vcwM2Zl2QR/LzjsBeItPt3oSVXapn+m4nQDvpzw==

mdn-data@2.0.28:
  version "2.0.28"
  resolved "https://registry.yarnpkg.com/mdn-data/-/mdn-data-2.0.28.tgz#5ec48e7bef120654539069e1ae4ddc81ca490eba"
  integrity sha512-aylIc7Z9y4yzHYAJNuESG3hfhC+0Ibp/MAMiaOZgNv4pmEdFyfZhhhny4MNiAfWdBQ1RQ2mfDWmM1x8SvGyp8g==

mdn-data@2.27.1:
  version "2.27.1"
  resolved "https://registry.yarnpkg.com/mdn-data/-/mdn-data-2.27.1.tgz#e37b9c50880b75366c4d40ac63d9bbcacdb61f0e"
  integrity sha512-9Yubnt3e8A0OKwxYSXyhLymGW4sCufcLG6VdiDdUGVkPhpqLxlvP5vl1983gQjJl3tqbrM731mjaZaP68AgosQ==

nanoid@^3.3.16:
  version "3.3.16"
  resolved "https://registry.yarnpkg.com/nanoid/-/nanoid-3.3.16.tgz#a04d8ec4b1f10009d2d533947aefe4293737816c"
  integrity sha512-bzlKTyNJ7+LdGIIwy8ijFpIqEQIvafahV7eYykJ8Cvh42EdJeODoJ6gUJXpQJvej1BddH8OqTXZNE/KfbWAu8Q==

node-releases@^2.0.51:
  version "2.0.51"
  resolved "https://registry.yarnpkg.com/node-releases/-/node-releases-2.0.51.tgz#cdc08433577f5b32ad01694481726e22eeb54aef"
  integrity sha512-wRNIrw4DmVLKQlbgOMdkMx27Wrpzes2hh5Jtbi2bjPd+4wJstWIqP5A+lscnqbm0xxmT5Bpg8Lec5ItEBwx6BQ==

nth-check@^2.0.1:
  version "2.1.1"
  resolved "https://registry.yarnpkg.com/nth-check/-/nth-check-2.1.1.tgz#c9eab428effce36cd6b92c924bdb000ef1f1ed1d"
  integrity sha512-lqjrjmaOoAnWfMmBPL+XNnynZh2+swxiX3WUE0s4yEHI6m+AwrK2UZOimIRl3X/4QctVqS8AiZjFqyOGrMXb/w==
  dependencies:
    boolbase "^1.0.0"

picocolors@^1.0.0, picocolors@^1.1.1:
  version "1.1.1"
  resolved "https://registry.yarnpkg.com/picocolors/-/picocolors-1.1.1.tgz#3d321af3eab939b083c8f929a1d12cda81c26b6b"
  integrity sha512-xceH2snhtb5M9liqDsmEw56le376mTZkEX/jEb/RxNFyegNul7eNslCXP9FDj/Lcu0X8KEyMceP2ntpaHrDEVA==

postcss-calc@^10.1.1:
  version "10.1.1"
  resolved "https://registry.yarnpkg.com/postcss-calc/-/postcss-calc-10.1.1.tgz#52b385f2e628239686eb6e3a16207a43f36064ca"
  integrity sha512-NYEsLHh8DgG/PRH2+G9BTuUdtf9ViS+vdoQ0YA5OQdGsfN4ztiwtDWNtBl9EKeqNMFnIu8IKZ0cLxEQ5r5KVMw==
  dependencies:
    postcss-selector-parser "^7.0.0"
    postcss-value-parser "^4.2.0"

postcss-colormin@^8.0.1:
  version "8.0.1"
  resolved "https://registry.yarnpkg.com/postcss-colormin/-/postcss-colormin-8.0.1.tgz#9f22ff7f4580fe996e5187bd6f93b6f8800462a5"
  integrity sha512-qBY4ABQ6d8/mk5RRZHwMllrZMxeMey3azVY2dZUEk+RgiUC4ARdPR3/AITzNqqKTbvW/3y/MJKinDrzwqn8RDQ==
  dependencies:
    "@colordx/core" "^5.4.3"
    browserslist "^4.28.2"
    caniuse-api "^4.0.0"
    postcss-value-parser "^4.2.0"

postcss-convert-values@^8.0.1:
  version "8.0.1"
  resolved "https://registry.yarnpkg.com/postcss-convert-values/-/postcss-convert-values-8.0.1.tgz#e8f52676c17b468a809625df8fa24d7a6768e1f8"
  integrity sha512-IdOSIX3BzfMvCc1TAHIha2gfy17xnb5vfML8e2BIKARnFOghksESfaSAB/3CXgyLfMozZAbTRPVQF5dbuKOidw==
  dependencies:
    browserslist "^4.28.2"
    postcss-value-parser "^4.2.0"

postcss-discard-comments@^8.0.1:
  version "8.0.1"
  resolved "https://registry.yarnpkg.com/postcss-discard-comments/-/postcss-discard-comments-8.0.1.tgz#1e7a0ac1290dad61525e8cd7c1f8a95c168fbb3b"
  integrity sha512-FDvzm3tXlEsQBO2XQgnta5ugsAqwBrgWH+j5QgXpegEIDYA0VPnZg2aP7LtmWtC49POskeIhXesFiU/k3NyFHA==
  dependencies:
    postcss-selector-parser "^7.1.2"

postcss-discard-duplicates@^8.0.1:
  version "8.0.1"
  resolved "https://registry.yarnpkg.com/postcss-discard-duplicates/-/postcss-discard-duplicates-8.0.1.tgz#4c9e0213cf3ea11ab2f9e79caeb37b2dd8414950"
  integrity sha512-stTDXkI8YkCUfADurQhp03oq5ynsgSx6Qrw5B1swds6oTHtAeOZ9I0SHGK8cY/VpWUsIYFDWMs3IWf9jIEfFvA==

postcss-discard-empty@^8.0.1:
  version "8.0.1"
  resolved "https://registry.yarnpkg.com/postcss-discard-empty/-/postcss-discard-empty-8.0.1.tgz#2a8a1c31404180b9d8d02779fb83414506e32849"
  integrity sha512-Zv4fM1Yfhk71tbt6gfiptbL6jDHi+7apSnaMeaO9n1uET+1embrXQw5m93Zp5x28UyQSuv+AVkFY193jdwZ33w==

postcss-discard-overridden@^8.0.1:
  version "8.0.1"
  resolved "https://registry.yarnpkg.com/postcss-discard-overridden/-/postcss-discard-overridden-8.0.1.tgz#2e53a242060c16315bfc9c73d11dd6e3e8e7fd28"
  integrity sha512-ykt4fvrC7yYGzbxKyqBVjDCbsjF/11JgWK8enrdkobRyqqEtb/uDUCbKOGdvrK8X7BrShW8Lv5cCRNbdkNHGkQ==

postcss-merge-longhand@^8.0.1:
  version "8.0.1"
  resolved "https://registry.yarnpkg.com/postcss-merge-longhand/-/postcss-merge-longhand-8.0.1.tgz#bc0e122ca36e3d4e9d3ba8324baef8d387aed295"
  integrity sha512-huTfSYgQ13O81SFvAuOi7GWnO48vvybjj3xF+X3qUoPjzvvaLpJH5DcUqqXcwOEulZUcvaV4s0V9WtWs+IAQPA==
  dependencies:
    postcss-value-parser "^4.2.0"
    stylehacks "^8.0.1"

postcss-merge-rules@^8.0.1:
  version "8.0.1"
  resolved "https://registry.yarnpkg.com/postcss-merge-rules/-/postcss-merge-rules-8.0.1.tgz#f446bcc77d261c73c93606be0b28374e3a014984"
  integrity sha512-o3rk4UpnPNg469tklYwbR/NtvKc/f/wJiVDTnNQ/EFPw/LeiPOHUCvV1GIBQIZHGrBAYdPjToK6a+ojYprsrxQ==
  dependencies:
    browserslist "^4.28.2"
    caniuse-api "^4.0.0"
    cssnano-utils "^6.0.1"
    postcss-selector-parser "^7.1.2"

postcss-minify-font-values@^8.0.1:
  version "8.0.1"
  resolved "https://registry.yarnpkg.com/postcss-minify-font-values/-/postcss-minify-font-values-8.0.1.tgz#2c3d5577e4d3110880defa870c02b7dff5e4bd70"
  integrity sha512-L8Nzs/PRlBSPrLdY/7rAiU5ZN5800+2J/4LRbfyG8SJnPljmgMaXVmQiCklvRS+yObfVRNtvmk/Ean/eoYcSeg==
  dependencies:
    postcss-value-parser "^4.2.0"

postcss-minify-gradients@^8.0.1:
  version "8.0.1"
  resolved "https://registry.yarnpkg.com/postcss-minify-gradients/-/postcss-minify-gradients-8.0.1.tgz#c7a46528a27eed8041b8fec594319ddd8ae6d440"
  integrity sha512-qf+4s/hZMqTwpWN2teqf6+1yvR/SZK5HgHqXYuACeJXV7ABe7AXtBEomgxagUzcN4bSnmqBh5vnIml0dYqykYg==
  dependencies:
    "@colordx/core" "^5.4.3"
    cssnano-utils "^6.0.1"
    postcss-value-parser "^4.2.0"

postcss-minify-params@^8.0.1:
  version "8.0.1"
  resolved "https://registry.yarnpkg.com/postcss-minify-params/-/postcss-minify-params-8.0.1.tgz#8d86e40653b394f7ea8cabd57508cfca787d9b56"
  integrity sha512-L0h3H59deFfFg0wQN1NVaS/8E/LfGvaMuZKGO7siwlG995zo3OshtQyRkqKdVqcBwAORBvZ1nDZrKPLRapYkQw==
  dependencies:
    browserslist "^4.28.2"
    cssnano-utils "^6.0.1"
    postcss-value-parser "^4.2.0"

postcss-minify-selectors@^8.0.2:
  version "8.0.2"
  resolved "https://registry.yarnpkg.com/postcss-minify-selectors/-/postcss-minify-selectors-8.0.2.tgz#e2009337da4684eb8a69d4d7979b9c6c3d60365a"
  integrity sha512-3icdxc/zght5UAizdwqZBDE2KOWHf1jMQCxET6iLACeNlRxfTPyXS0/COpGk8CQ2cECyaEKTRUd/i/k8Gxmz4g==
  dependencies:
    browserslist "^4.28.1"
    caniuse-api "^4.0.0"
    cssesc "^3.0.0"
    postcss-selector-parser "^7.1.2"

postcss-normalize-charset@^8.0.1:
  version "8.0.1"
  resolved "https://registry.yarnpkg.com/postcss-normalize-charset/-/postcss-normalize-charset-8.0.1.tgz#6dd83ccb05d649baa83f531bbe3f8b7a4cf0a812"
  integrity sha512-xzqr36F8UeIZOvOHsf3aul+RVJCADvSwuwpMLgizqKjisHZpBfztgW0XFLBfJvz9pJgaStaOXAtGb0zLqT6B0w==

postcss-normalize-display-values@^8.0.1:
  version "8.0.1"
  resolved "https://registry.yarnpkg.com/postcss-normalize-display-values/-/postcss-normalize-display-values-8.0.1.tgz#87f9e873df026dd0dc349e14d1c6bc34d1e9a0a8"
  integrity sha512-ZDWOijOK1FFMlpgiQCUO9fCNKd7HJ9L7z9HWEq4iyubnUFWzdTSwm/LcrMbNW6iZ1oAtqeLYA0WA3xHszOI08g==
  dependencies:
    postcss-value-parser "^4.2.0"

postcss-normalize-positions@^8.0.1:
  version "8.0.1"
  resolved "https://registry.yarnpkg.com/postcss-normalize-positions/-/postcss-normalize-positions-8.0.1.tgz#dd52d34cd3c55ed88bce66eff69215a8478c7004"
  integrity sha512-uuivan2poSqbE48ST4do20dGaFUeXey9/H8rhHzoyVHB2I6BmkoVLZ/C9+BRjUlpaAFYVOoDY7epkiidzaYbvA==
  dependencies:
    postcss-value-parser "^4.2.0"

postcss-normalize-repeat-style@^8.0.1:
  version "8.0.1"
  resolved "https://registry.yarnpkg.com/postcss-normalize-repeat-style/-/postcss-normalize-repeat-style-8.0.1.tgz#f6c3d2e9e3dbcd6eaeeaac5cc3dd755c192c921c"
  integrity sha512-q2hq5fmKxk29K6DjKA3nZ17Q2dtjhLYFNmFweKALmooUqx6UWAHF1bBoWTu/EqlJ88josb82A/J0Atj9LJUmpQ==
  dependencies:
    postcss-value-parser "^4.2.0"

postcss-normalize-string@^8.0.1:
  version "8.0.1"
  resolved "https://registry.yarnpkg.com/postcss-normalize-string/-/postcss-normalize-string-8.0.1.tgz#1f1d191b8f048c85940d192889b1825459cc1b26"
  integrity sha512-+Wf+kQJhm1WgSGEAuUaswE9rdpR9QbrKRVemcVHs6rhOoOTVIdAbgaicftfYA6vLM346P8onRzkEVbFN29ktKQ==
  dependencies:
    postcss-value-parser "^4.2.0"

postcss-normalize-timing-functions@^8.0.1:
  version "8.0.1"
  resolved "https://registry.yarnpkg.com/postcss-normalize-timing-functions/-/postcss-normalize-timing-functions-8.0.1.tgz#124edc670bda97655866c812acf1acc741c7925f"
  integrity sha512-W8/tvwRlm3T+yjGkg0IRTF4bvHj0vILYr/LOogCrJKHz2ey2HFRwfsAA8Bk9N4BGR7z7WmmDu/KzzwhJ6FoGPQ==
  dependencies:
    postcss-value-parser "^4.2.0"

postcss-normalize-unicode@^8.0.1:
  version "8.0.1"
  resolved "https://registry.yarnpkg.com/postcss-normalize-unicode/-/postcss-normalize-unicode-8.0.1.tgz#b85618f65b9c1a03e42186e9c8fb1fc98054394a"
  integrity sha512-Ad0YHNRBp4WHEOYUM/4wL/8MoL2fimEF8se/0q+Rt/owMzYpbxsypC1P8fN/oluwoRmRKdNVX7X2oycEobPWcQ==
  dependencies:
    browserslist "^4.28.2"
    postcss-value-parser "^4.2.0"

postcss-normalize-url@^8.0.1:
  version "8.0.1"
  resolved "https://registry.yarnpkg.com/postcss-normalize-url/-/postcss-normalize-url-8.0.1.tgz#b12741137c47eb497a4bed37cc3e57e4ad547566"
  integrity sha512-tkYcip6pCDY806xuxpJYqMW2M3/623jzGFJmz3m5Us47q8P28+gbRZxaea3Rr/CmwwLUiVlh+BTGYwQ6gvaP8A==
  dependencies:
    postcss-value-parser "^4.2.0"

postcss-normalize-whitespace@^8.0.1:
  version "8.0.1"
  resolved "https://registry.yarnpkg.com/postcss-normalize-whitespace/-/postcss-normalize-whitespace-8.0.1.tgz#1f7aacbc5aee6b2151d98d0d00dad567ea486e7a"
  integrity sha512-XzORadNfSrKWDZZpgAEHPKINKx8r9r9RIfE9c70g/HThdpbmPHhDYCodHSVESDxmKeySAYw1p4liuBCf7j6LyA==
  dependencies:
    postcss-value-parser "^4.2.0"

postcss-ordered-values@^8.0.1:
  version "8.0.1"
  resolved "https://registry.yarnpkg.com/postcss-ordered-values/-/postcss-ordered-values-8.0.1.tgz#b3ee8d36f0577fab8ba1f1803605afc32e956b8e"
  integrity sha512-OLXq5lR1yk3KWQ1FPK6aWjFFdktHE9f9kb8cnt4LmIw7w30DnzgD9+sOVYJc5HenkWCX8i1MJhhFwmqc/GYqLg==
  dependencies:
    cssnano-utils "^6.0.1"
    postcss-value-parser "^4.2.0"

postcss-reduce-initial@^8.0.1:
  version "8.0.1"
  resolved "https://registry.yarnpkg.com/postcss-reduce-initial/-/postcss-reduce-initial-8.0.1.tgz#b0691db60901838910d40642363f99d213ba9682"
  integrity sha512-+aQsR6+61KRoIfcFNLP3v9RM7+0iYOTtPnjl1wr6JqMW1zx6S+t2ktHRefXwacFdHIDj5+ETG0KY7K3+SGQ4Nw==
  dependencies:
    browserslist "^4.28.2"
    caniuse-api "^4.0.0"

postcss-reduce-transforms@^8.0.1:
  version "8.0.1"
  resolved "https://registry.yarnpkg.com/postcss-reduce-transforms/-/postcss-reduce-transforms-8.0.1.tgz#1f5955593e7a82cbb60887a1058ccf58420595a2"
  integrity sha512-x71slHVykiFi5RuKEXM0wgYpY2PngC78x6R8TnZhHF3lhqt+u/w3MGwYLX+2t5O87ssRiMfEAhQH+3J4QwVzCw==
  dependencies:
    postcss-value-parser "^4.2.0"

postcss-reporter@^7.1.0:
  version "7.1.0"
  resolved "https://registry.yarnpkg.com/postcss-reporter/-/postcss-reporter-7.1.0.tgz#5ec476d224e2fe25a054e3c66d9b2901d4fab422"
  integrity sha512-/eoEylGWyy6/DOiMP5lmFRdmDKThqgn7D6hP2dXKJI/0rJSO1ADFNngZfDzxL0YAxFvws+Rtpuji1YIHj4mySA==
  dependencies:
    picocolors "^1.0.0"
    thenby "^1.3.4"

postcss-selector-parser@^7.0.0, postcss-selector-parser@^7.1.2:
  version "7.1.4"
  resolved "https://registry.yarnpkg.com/postcss-selector-parser/-/postcss-selector-parser-7.1.4.tgz#69dc7a526517572ff6b150e352b36a016017b485"
  integrity sha512-HeP7D2wyhkR+XaK6v4W8oRF62Dsz4flyuczALJp61GckGm42u1saSSJ/0auvcBqxs3jMRFEcPK34At/0JBKdOg==
  dependencies:
    cssesc "^3.0.0"
    util-deprecate "^1.0.2"

postcss-svgo@^8.0.1:
  version "8.0.1"
  resolved "https://registry.yarnpkg.com/postcss-svgo/-/postcss-svgo-8.0.1.tgz#4f900842a54309756574790cd190c231375c3a4a"
  integrity sha512-HpnvWii7W0/FPrsejJa6ZTi0kNtTJP/Iba7CUMPX0xPV6QpnndOp+SDP74tFtgjA2cYKYNWJPOlmLXMsvi/9yA==
  dependencies:
    postcss-value-parser "^4.2.0"
    svgo "^4.0.1"

postcss-unique-selectors@^8.0.1:
  version "8.0.1"
  resolved "https://registry.yarnpkg.com/postcss-unique-selectors/-/postcss-unique-selectors-8.0.1.tgz#b40ded017490c0ebc9a987f3454fb25062c23360"
  integrity sha512-+xvKI5+/Cl8yYQwxDV39Uhuc4WV951xngFvPPjiPj2NIbIfm6vbbRTXblyw0FioLkIoGlw+7qUcY1h2YhaZYgw==
  dependencies:
    postcss-selector-parser "^7.1.2"

postcss-value-parser@^4.2.0:
  version "4.2.0"
  resolved "https://registry.yarnpkg.com/postcss-value-parser/-/postcss-value-parser-4.2.0.tgz#723c09920836ba6d3e5af019f92bc0971c02e514"
  integrity sha512-1NNCs6uurfkVbeXG4S8JFT9t19m45ICnif8zWLd5oPSZ50QnwMfK+H3jv408d4jw/7Bttv5axS5IiHoLaVNHeQ==

postcss@^8.5.10:
  version "8.5.23"
  resolved "https://registry.yarnpkg.com/postcss/-/postcss-8.5.23.tgz#3493550116f478487298301d2c2e8dc5a56e6594"
  integrity sha512-g50586zr4bZmwFiTlflMu8E0bDTb5I5gertgwAKmsdUlTQIhZtunzUlD1WSzwcVWPoAVpsrA6vlfCD7oXvRwgg==
  dependencies:
    nanoid "^3.3.16"
    picocolors "^1.1.1"
    source-map-js "^1.2.1"

sax@^1.5.0:
  version "1.6.1"
  resolved "https://registry.yarnpkg.com/sax/-/sax-1.6.1.tgz#4c23cf608c0b693ab54b4b5888e92cfe977b9843"
  integrity sha512-42tBVwLWnaQvW5zc4HbZrTuWccECCZfBi92FDuwtqxasH+JbPB3/FOKb1m222K42R4WxuxzzMsTswfzgtSu64Q==

source-map-js@^1.0.1, source-map-js@^1.2.1:
  version "1.2.1"
  resolved "https://registry.yarnpkg.com/source-map-js/-/source-map-js-1.2.1.tgz#1ce5650fddd87abc099eda37dcff024c2667ae46"
  integrity sha512-UXWMKhLOwVKb728IUtQPXxfYU+usdybtUrK/8uGE8CQMvrhOpwvzDBwj0QhSL7MQc7vIsISBG8VQ8+IDQxpfQA==

source-map-support@~0.5.20:
  version "0.5.21"
  resolved "https://registry.yarnpkg.com/source-map-support/-/source-map-support-0.5.21.tgz#04fe7c7f9e1ed2d662233c28cb2b35b9f63f6e4f"
  integrity sha512-uBHU3L3czsIyYXKX88fdrGovxdSCoTGDRZ6SYXtSRxLZUzHg5P/66Ht6uoUlHu9EZod+inXhKo3qQgwXUT/y1w==
  dependencies:
    buffer-from "^1.0.0"
    source-map "^0.6.0"

source-map@^0.6.0:
  version "0.6.1"
  resolved "https://registry.yarnpkg.com/source-map/-/source-map-0.6.1.tgz#74722af32e9614e9c287a8d0bbde48b5e2f1a263"
  integrity sha512-UjgapumWlbMhkBgzT7Ykc5YXUT46F0iKu8SGXq0bcwP5dz/h0Plj6enJqjz1Zbq2l5WaqYnrVbwWOWMyF3F47g==

stylehacks@^8.0.1:
  version "8.0.1"
  resolved "https://registry.yarnpkg.com/stylehacks/-/stylehacks-8.0.1.tgz#01b545dafaecdf871854dd74f9e001ff2d9233d4"
  integrity sha512-Gv095oTD0N+BdJALNFDsxZpETHZLTxbOl5RyIO7y6VAE6sR3z0MnV3Nix7N0IATNldNTrkvSASp2KR1Yt526HA==
  dependencies:
    browserslist "^4.28.2"
    postcss-selector-parser "^7.1.2"

svgo@^4.0.1:
  version "4.0.2"
  resolved "https://registry.yarnpkg.com/svgo/-/svgo-4.0.2.tgz#a62246f0a9d671c0314d04f3cc15f78b1bd0667f"
  integrity sha512-ekx94z1rRc5LDi6oSUaeRnYhd0UOJxdtQCL2rF8xpWxD3TPAsISWOrxezqGovqS38GRZOdpDfvQe3ts6F7nsng==
  dependencies:
    commander "^11.1.0"
    css-select "^5.1.0"
    css-tree "^3.0.1"
    css-what "^6.1.0"
    csso "^5.0.5"
    picocolors "^1.1.1"
    sax "^1.5.0"

terser@^5.46.0:
  version "5.49.0"
  resolved "https://registry.yarnpkg.com/terser/-/terser-5.49.0.tgz#30b341fdf70cfc98486965125ae660fda8403670"
  integrity sha512-SNiDnXyHSrxVcIOtVbULzcTmniUiwcV7Nwdyj1twVubeTmbjoa8p69KKDpfkdoOavuM4/GRm1+ykI8qqnavHoA==
  dependencies:
    "@jridgewell/source-map" "^0.3.3"
    acorn "^8.15.0"
    commander "^2.20.0"
    source-map-support "~0.5.20"

thenby@^1.3.4:
  version "1.4.1"
  resolved "https://registry.yarnpkg.com/thenby/-/thenby-1.4.1.tgz#5b2bcf5c323038274712ebec9e2c681c915c9d98"
  integrity sha512-D5a/bO0KdalOE3q8MlrRmSxjbKZHT3MQmXkJP+r97Vw8MMwOZKOwUSEyTtK7eSMj2y0kyAjpYMRMZmmLw1FtNQ==

undici-types@~8.3.0:
  version "8.3.0"
  resolved "https://registry.yarnpkg.com/undici-types/-/undici-types-8.3.0.tgz#44e9fc9f3244648cdea35e4f9bb2d681e9410809"
  integrity sha512-j375ScV60dom+YkPFIfTLcOiPxkN/buHz5GobjLhixFuANaNs3C9l4GmrWqejgXWJ7BbJcFYpTEUkS1Ge8bpZQ==

update-browserslist-db@^1.2.3:
  version "1.2.3"
  resolved "https://registry.yarnpkg.com/update-browserslist-db/-/update-browserslist-db-1.2.3.tgz#64d76db58713136acbeb4c49114366cc6cc2e80d"
  integrity sha512-Js0m9cx+qOgDxo0eMiFGEueWztz+d4+M3rGlmKPT+T4IS/jP4ylw3Nwpu6cpTTP8R1MAC1kF4VbdLt3ARf209w==
  dependencies:
    escalade "^3.2.0"
    picocolors "^1.1.1"

util-deprecate@^1.0.2:
  version "1.0.2"
  resolved "https://registry.yarnpkg.com/util-deprecate/-/util-deprecate-1.0.2.tgz#450d4dc9fa70de732762fbd2d4a28981419a0ccf"
  integrity sha512-EPD5q1uXyFxJpCrLnCc1nHnq3gOa6DZBocAIiI2TaSCA7VCJ1UJDMagCzIkXNsUYfD1daK//LTEQ8xiIbrHtcw==
