# THIS IS AN AUTOGENERATED FILE. DO NOT EDIT THIS FILE DIRECTLY.
# yarn lockfile v1


"@babel/code-frame@^7.16.7":
  version "7.16.7"
  resolved "https://registry.yarnpkg.com/@babel/code-frame/-/code-frame-7.16.7.tgz#44416b6bd7624b998f5b1af5d470856c40138789"
  integrity sha512-iAXqUn8IIeBTNd72xsFlgaXHkMBMt6y4HJp1tIaK465CWLT/fG1aqB7ykr95gHHmlBdGbFeWWfyB4NJJ0nmeIg==
  dependencies:
    "@babel/highlight" "^7.16.7"

"@babel/helper-validator-identifier@^7.16.7":
  version "7.16.7"
  resolved "https://registry.yarnpkg.com/@babel/helper-validator-identifier/-/helper-validator-identifier-7.16.7.tgz#e8c602438c4a8195751243da9031d1607d247cad"
  integrity sha512-hsEnFemeiW4D08A5gUAZxLBTXpZ39P+a+DGDsHw1yxqyQ/jzFEnxf5uTEGp+3bzAbNOxU1paTgYS4ECU/IgfDw==

"@babel/highlight@^7.16.7":
  version "7.16.10"
  resolved "https://registry.yarnpkg.com/@babel/highlight/-/highlight-7.16.10.tgz#744f2eb81579d6eea753c227b0f570ad785aba88"
  integrity sha512-5FnTQLSLswEj6IkgVw5KusNUUFY9ZGqe/TRFnP/BKYHYgfh7tc+C7mwiy95/yNP7Dh9x580Vv8r7u7ZfTBFxdw==
  dependencies:
    "@babel/helper-validator-identifier" "^7.16.7"
    chalk "^2.0.0"
    js-tokens "^4.0.0"

"@trysound/sax@0.2.0":
  version "0.2.0"
  resolved "https://registry.yarnpkg.com/@trysound/sax/-/sax-0.2.0.tgz#cccaab758af56761eb7bf37af6f03f326dd798ad"
  integrity sha512-L7z9BgrNEcYyUYtF+HaEfiS5ebkh9jXqbszz7pC0hRBPaatV0XjSD3+eHrpqFemQfgwiFF0QPIarnIihIDn7OA==

"@types/node@^17.0.22":
  version "17.0.22"
  resolved "https://registry.yarnpkg.com/@types/node/-/node-17.0.22.tgz#38b6c4b9b2f3ed9f2e376cce42a298fb2375251e"
  integrity sha512-8FwbVoG4fy+ykY86XCAclKZDORttqE5/s7dyWZKLXTdv3vRy5HozBEinG5IqhvPXXzIZEcTVbuHlQEI6iuwcmw==

acorn@^8.5.0:
  version "8.7.0"
  resolved "https://registry.yarnpkg.com/acorn/-/acorn-8.7.0.tgz#90951fde0f8f09df93549481e5fc141445b791cf"
  integrity sha512-V/LGr1APy+PXIwKebEWrkZPwoeoF+w1jiOBUmuxuiUIaOHtob8Qc9BTrYo7VuI5fR8tqsy+buA2WFooR5olqvQ==

ansi-styles@^3.2.1:
  version "3.2.1"
  resolved "https://registry.yarnpkg.com/ansi-styles/-/ansi-styles-3.2.1.tgz#41fbb20243e50b12be0f04b8dedbf07520ce841d"
  integrity sha512-VT0ZI6kZRdTh8YyJw3SMbYm/u+NqfsAxEpWO0Pf9sq8/e94WxxOpPKx9FR1FlyCtOVDNOQ+8ntlqFxiRc+r5qA==
  dependencies:
    color-convert "^1.9.0"

boolbase@^1.0.0:
  version "1.0.0"
  resolved "https://registry.yarnpkg.com/boolbase/-/boolbase-1.0.0.tgz#68dff5fbe60c51eb37725ea9e3ed310dcc1e776e"
  integrity sha1-aN/1++YMUes3cl6p4+0xDcwed24=

browserslist@^4.0.0, browserslist@^4.16.6:
  version "4.20.2"
  resolved "https://registry.yarnpkg.com/browserslist/-/browserslist-4.20.2.tgz#567b41508757ecd904dab4d1c646c612cd3d4f88"
  integrity sha512-CQOBCqp/9pDvDbx3xfMi+86pr4KXIf2FDkTTdeuYw8OxS9t898LA1Khq57gtufFILXpfgsSx5woNgsBgvGjpsA==
  dependencies:
    caniuse-lite "^1.0.30001317"
    electron-to-chromium "^1.4.84"
    escalade "^3.1.1"
    node-releases "^2.0.2"
    picocolors "^1.0.0"

buffer-from@^1.0.0:
  version "1.1.2"
  resolved "https://registry.yarnpkg.com/buffer-from/-/buffer-from-1.1.2.tgz#2b146a6fd72e80b4f55d255f35ed59a3a9a41bd5"
  integrity sha512-E+XQCRwSbaaiChtv6k6Dwgc+bx+Bs6vuKJHHl5kox/BaKbhiXzqQOwK4cO22yElGp2OCmjwVhT3HmxgyPGnJfQ==

caniuse-api@^3.0.0:
  version "3.0.0"
  resolved "https://registry.yarnpkg.com/caniuse-api/-/caniuse-api-3.0.0.tgz#5e4d90e2274961d46291997df599e3ed008ee4c0"
  integrity sha512-bsTwuIg/BZZK/vreVTYYbSWoe2F+71P7K5QGEX+pT250DZbfU1MQ5prOKpPR+LL6uWKK3KMwMCAS74QB3Um1uw==
  dependencies:
    browserslist "^4.0.0"
    caniuse-lite "^1.0.0"
    lodash.memoize "^4.1.2"
    lodash.uniq "^4.5.0"

caniuse-lite@^1.0.0, caniuse-lite@^1.0.30001317:
  version "1.0.30001319"
  resolved "https://registry.yarnpkg.com/caniuse-lite/-/caniuse-lite-1.0.30001319.tgz#eb4da4eb3ecdd409f7ba1907820061d56096e88f"
  integrity sha512-xjlIAFHucBRSMUo1kb5D4LYgcN1M45qdKP++lhqowDpwJwGkpIRTt5qQqnhxjj1vHcI7nrJxWhCC1ATrCEBTcw==

chalk@^2.0.0:
  version "2.4.2"
  resolved "https://registry.yarnpkg.com/chalk/-/chalk-2.4.2.tgz#cd42541677a54333cf541a49108c1432b44c9424"
  integrity sha512-Mti+f9lpJNcwF4tWV8/OrTTtF1gZi+f8FqlyAdouralcFWFQWF2+NgCHShjkCb+IFBLq9buZwE1xckQU4peSuQ==
  dependencies:
    ansi-styles "^3.2.1"
    escape-string-regexp "^1.0.5"
    supports-color "^5.3.0"

color-convert@^1.9.0:
  version "1.9.3"
  resolved "https://registry.yarnpkg.com/color-convert/-/color-convert-1.9.3.tgz#bb71850690e1f136567de629d2d5471deda4c1e8"
  integrity sha512-QfAUtd+vFdAtFQcC8CCyYt1fYWxSqAiK2cSD6zDB8N3cpsEBAvRxp9zOGg6G/SHHJYAT88/az/IuDGALsNVbGg==
  dependencies:
    color-name "1.1.3"

color-name@1.1.3:
  version "1.1.3"
  resolved "https://registry.yarnpkg.com/color-name/-/color-name-1.1.3.tgz#a7d0558bd89c42f795dd42328f740831ca53bc25"
  integrity sha1-p9BVi9icQveV3UIyj3QIMcpTvCU=

colord@^2.9.1:
  version "2.9.2"
  resolved "https://registry.yarnpkg.com/colord/-/colord-2.9.2.tgz#25e2bacbbaa65991422c07ea209e2089428effb1"
  integrity sha512-Uqbg+J445nc1TKn4FoDPS6ZZqAvEDnwrH42yo8B40JSOgSLxMZ/gt3h4nmCtPLQeXhjJJkqBx7SCY35WnIixaQ==

commander@^2.20.0:
  version "2.20.3"
  resolved "https://registry.yarnpkg.com/commander/-/commander-2.20.3.tgz#fd485e84c03eb4881c20722ba48035e8531aeb33"
  integrity sha512-GpVkmM8vF2vQUkj2LvZmD35JxeJOLCwJ9cUkugyk2nuhbv3+mJvpLYYt+0+USMxE+oj+ey/lJEnhZw75x/OMcQ==

commander@^7.2.0:
  version "7.2.0"
  resolved "https://registry.yarnpkg.com/commander/-/commander-7.2.0.tgz#a36cb57d0b501ce108e4d20559a150a391d97ab7"
  integrity sha512-QrWXB+ZQSVPmIWIhtEO9H+gwHaMGYiF5ChvoJ+K9ZGHG/sVsa6yiesAD1GC/x46sET00Xlwo1u49RVVVzvcSkw==

css-declaration-sorter@^6.0.3:
  version "6.1.4"
  resolved "https://registry.yarnpkg.com/css-declaration-sorter/-/css-declaration-sorter-6.1.4.tgz#b9bfb4ed9a41f8dcca9bf7184d849ea94a8294b4"
  integrity sha512-lpfkqS0fctcmZotJGhnxkIyJWvBXgpyi2wsFd4J8VB7wzyrT6Ch/3Q+FMNJpjK4gu1+GN5khOnpU2ZVKrLbhCw==
  dependencies:
    timsort "^0.3.0"

css-select@^4.1.3:
  version "4.2.1"
  resolved "https://registry.yarnpkg.com/css-select/-/css-select-4.2.1.tgz#9e665d6ae4c7f9d65dbe69d0316e3221fb274cdd"
  integrity sha512-/aUslKhzkTNCQUB2qTX84lVmfia9NyjP3WpDGtj/WxhwBzWBYUV3DgUpurHTme8UTPcPlAD1DJ+b0nN/t50zDQ==
  dependencies:
    boolbase "^1.0.0"
    css-what "^5.1.0"
    domhandler "^4.3.0"
    domutils "^2.8.0"
    nth-check "^2.0.1"

css-tree@^1.1.2, css-tree@^1.1.3:
  version "1.1.3"
  resolved "https://registry.yarnpkg.com/css-tree/-/css-tree-1.1.3.tgz#eb4870fb6fd7707327ec95c2ff2ab09b5e8db91d"
  integrity sha512-tRpdppF7TRazZrjJ6v3stzv93qxRcSsFmW6cX0Zm2NVKpxE1WV1HblnghVv9TreireHkqI/VDEsfolRF1p6y7Q==
  dependencies:
    mdn-data "2.0.14"
    source-map "^0.6.1"

css-what@^5.1.0:
  version "5.1.0"
  resolved "https://registry.yarnpkg.com/css-what/-/css-what-5.1.0.tgz#3f7b707aadf633baf62c2ceb8579b545bb40f7fe"
  integrity sha512-arSMRWIIFY0hV8pIxZMEfmMI47Wj3R/aWpZDDxWYCPEiOMv6tfOrnpDtgxBYPEQD4V0Y/958+1TdC3iWTFcUPw==

cssesc@^3.0.0:
  version "3.0.0"
  resolved "https://registry.yarnpkg.com/cssesc/-/cssesc-3.0.0.tgz#37741919903b868565e1c09ea747445cd18983ee"
  integrity sha512-/Tb/JcjK111nNScGob5MNtsntNM1aCNUDipB/TkwZFhyDrrE47SOx/18wF2bbjgc3ZzCSKW1T5nt5EbFoAz/Vg==

cssnano-preset-default@^5.2.5:
  version "5.2.5"
  resolved "https://registry.yarnpkg.com/cssnano-preset-default/-/cssnano-preset-default-5.2.5.tgz#267ded811a3e1664d78707f5355fcd89feeb38ac"
  integrity sha512-WopL7PzN7sos3X8B54/QGl+CZUh1f0qN4ds+y2d5EPwRSSc3jsitVw81O+Uyop0pXyOfPfZxnc+LmA8w/Ki/WQ==
  dependencies:
    css-declaration-sorter "^6.0.3"
    cssnano-utils "^3.1.0"
    postcss-calc "^8.2.3"
    postcss-colormin "^5.3.0"
    postcss-convert-values "^5.1.0"
    postcss-discard-comments "^5.1.1"
    postcss-discard-duplicates "^5.1.0"
    postcss-discard-empty "^5.1.1"
    postcss-discard-overridden "^5.1.0"
    postcss-merge-longhand "^5.1.3"
    postcss-merge-rules "^5.1.1"
    postcss-minify-font-values "^5.1.0"
    postcss-minify-gradients "^5.1.1"
    postcss-minify-params "^5.1.2"
    postcss-minify-selectors "^5.2.0"
    postcss-normalize-charset "^5.1.0"
    postcss-normalize-display-values "^5.1.0"
    postcss-normalize-positions "^5.1.0"
    postcss-normalize-repeat-style "^5.1.0"
    postcss-normalize-string "^5.1.0"
    postcss-normalize-timing-functions "^5.1.0"
    postcss-normalize-unicode "^5.1.0"
    postcss-normalize-url "^5.1.0"
    postcss-normalize-whitespace "^5.1.1"
    postcss-ordered-values "^5.1.1"
    postcss-reduce-initial "^5.1.0"
    postcss-reduce-transforms "^5.1.0"
    postcss-svgo "^5.1.0"
    postcss-unique-selectors "^5.1.1"

cssnano-utils@^3.1.0:
  version "3.1.0"
  resolved "https://registry.yarnpkg.com/cssnano-utils/-/cssnano-utils-3.1.0.tgz#95684d08c91511edfc70d2636338ca37ef3a6861"
  integrity sha512-JQNR19/YZhz4psLX/rQ9M83e3z2Wf/HdJbryzte4a3NSuafyp9w/I4U+hx5C2S9g41qlstH7DEWnZaaj83OuEA==

cssnano@^5.1.5:
  version "5.1.5"
  resolved "https://registry.yarnpkg.com/cssnano/-/cssnano-5.1.5.tgz#5f3f519538c7f1c182c527096892243db3e17397"
  integrity sha512-VZO1e+bRRVixMeia1zKagrv0lLN1B/r/u12STGNNUFxnp97LIFgZHQa0JxqlwEkvzUyA9Oz/WnCTAFkdEbONmg==
  dependencies:
    cssnano-preset-default "^5.2.5"
    lilconfig "^2.0.3"
    yaml "^1.10.2"

csso@^4.2.0:
  version "4.2.0"
  resolved "https://registry.yarnpkg.com/csso/-/csso-4.2.0.tgz#ea3a561346e8dc9f546d6febedd50187cf389529"
  integrity sha512-wvlcdIbf6pwKEk7vHj8/Bkc0B4ylXZruLvOgs9doS5eOsOpuodOV2zJChSpkp+pRpYQLQMeF04nr3Z68Sta9jA==
  dependencies:
    css-tree "^1.1.2"

dom-serializer@^1.0.1:
  version "1.3.2"
  resolved "https://registry.yarnpkg.com/dom-serializer/-/dom-serializer-1.3.2.tgz#6206437d32ceefaec7161803230c7a20bc1b4d91"
  integrity sha512-5c54Bk5Dw4qAxNOI1pFEizPSjVsx5+bpJKmL2kPn8JhBUq2q09tTCa3mjijun2NfK78NMouDYNMBkOrPZiS+ig==
  dependencies:
    domelementtype "^2.0.1"
    domhandler "^4.2.0"
    entities "^2.0.0"

domelementtype@^2.0.1, domelementtype@^2.2.0:
  version "2.2.0"
  resolved "https://registry.yarnpkg.com/domelementtype/-/domelementtype-2.2.0.tgz#9a0b6c2782ed6a1c7323d42267183df9bd8b1d57"
  integrity sha512-DtBMo82pv1dFtUmHyr48beiuq792Sxohr+8Hm9zoxklYPfa6n0Z3Byjj2IV7bmr2IyqClnqEQhfgHJJ5QF0R5A==

domhandler@^4.2.0, domhandler@^4.3.0:
  version "4.3.1"
  resolved "https://registry.yarnpkg.com/domhandler/-/domhandler-4.3.1.tgz#8d792033416f59d68bc03a5aa7b018c1ca89279c"
  integrity sha512-GrwoxYN+uWlzO8uhUXRl0P+kHE4GtVPfYzVLcUxPL7KNdHKj66vvlhiweIHqYYXWlw+T8iLMp42Lm67ghw4WMQ==
  dependencies:
    domelementtype "^2.2.0"

domutils@^2.8.0:
  version "2.8.0"
  resolved "https://registry.yarnpkg.com/domutils/-/domutils-2.8.0.tgz#4437def5db6e2d1f5d6ee859bd95ca7d02048135"
  integrity sha512-w96Cjofp72M5IIhpjgobBimYEfoPjx1Vx0BSX9P30WBdZW2WIKU0T1Bd0kz2eNZ9ikjKgHbEyKx8BB6H1L3h3A==
  dependencies:
    dom-serializer "^1.0.1"
    domelementtype "^2.2.0"
    domhandler "^4.2.0"

electron-to-chromium@^1.4.84:
  version "1.4.89"
  resolved "https://registry.yarnpkg.com/electron-to-chromium/-/electron-to-chromium-1.4.89.tgz#33c06592812a17a7131873f4596579084ce33ff8"
  integrity sha512-z1Axg0Fu54fse8wN4fd+GAINdU5mJmLtcl6bqIcYyzNVGONcfHAeeJi88KYMQVKalhXlYuVPzKkFIU5VD0raUw==

entities@^2.0.0:
  version "2.2.0"
  resolved "https://registry.yarnpkg.com/entities/-/entities-2.2.0.tgz#098dc90ebb83d8dffa089d55256b351d34c4da55"
  integrity sha512-p92if5Nz619I0w+akJrLZH0MX0Pb5DX39XOwQTtXSdQQOaYH03S1uIQp4mhOZtAXrxq4ViO67YTiLBo2638o9A==

escalade@^3.1.1:
  version "3.1.1"
  resolved "https://registry.yarnpkg.com/escalade/-/escalade-3.1.1.tgz#d8cfdc7000965c5a0174b4a82eaa5c0552742e40"
  integrity sha512-k0er2gUkLf8O0zKJiAhmkTnJlTvINGv7ygDNPbeIsX/TJjGJZHuh9B2UxbsaEkmlEo9MfhrSzmhIlhRlI2GXnw==

escape-string-regexp@^1.0.5:
  version "1.0.5"
  resolved "https://registry.yarnpkg.com/escape-string-regexp/-/escape-string-regexp-1.0.5.tgz#1b61c0562190a8dff6ae3bb2cf0200ca130b86d4"
  integrity sha1-G2HAViGQqN/2rjuyzwIAyhMLhtQ=

has-flag@^3.0.0:
  version "3.0.0"
  resolved "https://registry.yarnpkg.com/has-flag/-/has-flag-3.0.0.tgz#b5d454dc2199ae225699f3467e5a07f3b955bafd"
  integrity sha1-tdRU3CGZriJWmfNGfloH87lVuv0=

js-tokens@^4.0.0:
  version "4.0.0"
  resolved "https://registry.yarnpkg.com/js-tokens/-/js-tokens-4.0.0.tgz#19203fb59991df98e3a287050d4647cdeaf32499"
  integrity sha512-RdJUflcE3cUzKiMqQgsCu06FPu9UdIJO0beYbPhHN4k6apgJtifcoCtT9bcxOpYBtpD2kCM6Sbzg4CausW/PKQ==

lilconfig@^2.0.3:
  version "2.0.4"
  resolved "https://registry.yarnpkg.com/lilconfig/-/lilconfig-2.0.4.tgz#f4507d043d7058b380b6a8f5cb7bcd4b34cee082"
  integrity sha512-bfTIN7lEsiooCocSISTWXkiWJkRqtL9wYtYy+8EK3Y41qh3mpwPU0ycTOgjdY9ErwXCc8QyrQp82bdL0Xkm9yA==

lodash.memoize@^4.1.2:
  version "4.1.2"
  resolved "https://registry.yarnpkg.com/lodash.memoize/-/lodash.memoize-4.1.2.tgz#bcc6c49a42a2840ed997f323eada5ecd182e0bfe"
  integrity sha1-vMbEmkKihA7Zl/Mj6tpezRguC/4=

lodash.uniq@^4.5.0:
  version "4.5.0"
  resolved "https://registry.yarnpkg.com/lodash.uniq/-/lodash.uniq-4.5.0.tgz#d0225373aeb652adc1bc82e4945339a842754773"
  integrity sha1-0CJTc662Uq3BvILklFM5qEJ1R3M=

mdn-data@2.0.14:
  version "2.0.14"
  resolved "https://registry.yarnpkg.com/mdn-data/-/mdn-data-2.0.14.tgz#7113fc4281917d63ce29b43446f701e68c25ba50"
  integrity sha512-dn6wd0uw5GsdswPFfsgMp5NSB0/aDe6fK94YJV/AJDYXL6HVLWBsxeq7js7Ad+mU2K9LAlwpk6kN2D5mwCPVow==

nanoid@^3.3.1:
  version "3.3.1"
  resolved "https://registry.yarnpkg.com/nanoid/-/nanoid-3.3.1.tgz#6347a18cac88af88f58af0b3594b723d5e99bb35"
  integrity sha512-n6Vs/3KGyxPQd6uO0eH4Bv0ojGSUvuLlIHtC3Y0kEO23YRge8H9x1GCzLn28YX0H66pMkxuaeESFq4tKISKwdw==

node-releases@^2.0.2:
  version "2.0.2"
  resolved "https://registry.yarnpkg.com/node-releases/-/node-releases-2.0.2.tgz#7139fe71e2f4f11b47d4d2986aaf8c48699e0c01"
  integrity sha512-XxYDdcQ6eKqp/YjI+tb2C5WM2LgjnZrfYg4vgQt49EK268b6gYCHsBLrK2qvJo4FmCtqmKezb0WZFK4fkrZNsg==

normalize-url@^6.0.1:
  version "6.1.0"
  resolved "https://registry.yarnpkg.com/normalize-url/-/normalize-url-6.1.0.tgz#40d0885b535deffe3f3147bec877d05fe4c5668a"
  integrity sha512-DlL+XwOy3NxAQ8xuC0okPgK46iuVNAK01YN7RueYBqqFeGsBjV9XmCAzAdgt+667bCl5kPh9EqKKDwnaPG1I7A==

nth-check@^2.0.1:
  version "2.0.1"
  resolved "https://registry.yarnpkg.com/nth-check/-/nth-check-2.0.1.tgz#2efe162f5c3da06a28959fbd3db75dbeea9f0fc2"
  integrity sha512-it1vE95zF6dTT9lBsYbxvqh0Soy4SPowchj0UBGj/V6cTPnXXtQOPUbhZ6CmGzAD/rW22LQK6E96pcdJXk4A4w==
  dependencies:
    boolbase "^1.0.0"

picocolors@^1.0.0:
  version "1.0.0"
  resolved "https://registry.yarnpkg.com/picocolors/-/picocolors-1.0.0.tgz#cb5bdc74ff3f51892236eaf79d68bc44564ab81c"
  integrity sha512-1fygroTLlHu66zi26VoTDv8yRgm0Fccecssto+MhsZ0D/DGW2sm8E8AjW7NU5VVTRt5GxbeZ5qBuJr+HyLYkjQ==

postcss-calc@^8.2.3:
  version "8.2.4"
  resolved "https://registry.yarnpkg.com/postcss-calc/-/postcss-calc-8.2.4.tgz#77b9c29bfcbe8a07ff6693dc87050828889739a5"
  integrity sha512-SmWMSJmB8MRnnULldx0lQIyhSNvuDl9HfrZkaqqE/WHAhToYsAvDq+yAsA/kIyINDszOp3Rh0GFoNuH5Ypsm3Q==
  dependencies:
    postcss-selector-parser "^6.0.9"
    postcss-value-parser "^4.2.0"

postcss-colormin@^5.3.0:
  version "5.3.0"
  resolved "https://registry.yarnpkg.com/postcss-colormin/-/postcss-colormin-5.3.0.tgz#3cee9e5ca62b2c27e84fce63affc0cfb5901956a"
  integrity sha512-WdDO4gOFG2Z8n4P8TWBpshnL3JpmNmJwdnfP2gbk2qBA8PWwOYcmjmI/t3CmMeL72a7Hkd+x/Mg9O2/0rD54Pg==
  dependencies:
    browserslist "^4.16.6"
    caniuse-api "^3.0.0"
    colord "^2.9.1"
    postcss-value-parser "^4.2.0"

postcss-convert-values@^5.1.0:
  version "5.1.0"
  resolved "https://registry.yarnpkg.com/postcss-convert-values/-/postcss-convert-values-5.1.0.tgz#f8d3abe40b4ce4b1470702a0706343eac17e7c10"
  integrity sha512-GkyPbZEYJiWtQB0KZ0X6qusqFHUepguBCNFi9t5JJc7I2OTXG7C0twbTLvCfaKOLl3rSXmpAwV7W5txd91V84g==
  dependencies:
    postcss-value-parser "^4.2.0"

postcss-discard-comments@^5.1.1:
  version "5.1.1"
  resolved "https://registry.yarnpkg.com/postcss-discard-comments/-/postcss-discard-comments-5.1.1.tgz#e90019e1a0e5b99de05f63516ce640bd0df3d369"
  integrity sha512-5JscyFmvkUxz/5/+TB3QTTT9Gi9jHkcn8dcmmuN68JQcv3aQg4y88yEHHhwFB52l/NkaJ43O0dbksGMAo49nfQ==

postcss-discard-duplicates@^5.1.0:
  version "5.1.0"
  resolved "https://registry.yarnpkg.com/postcss-discard-duplicates/-/postcss-discard-duplicates-5.1.0.tgz#9eb4fe8456706a4eebd6d3b7b777d07bad03e848"
  integrity sha512-zmX3IoSI2aoenxHV6C7plngHWWhUOV3sP1T8y2ifzxzbtnuhk1EdPwm0S1bIUNaJ2eNbWeGLEwzw8huPD67aQw==

postcss-discard-empty@^5.1.1:
  version "5.1.1"
  resolved "https://registry.yarnpkg.com/postcss-discard-empty/-/postcss-discard-empty-5.1.1.tgz#e57762343ff7f503fe53fca553d18d7f0c369c6c"
  integrity sha512-zPz4WljiSuLWsI0ir4Mcnr4qQQ5e1Ukc3i7UfE2XcrwKK2LIPIqE5jxMRxO6GbI3cv//ztXDsXwEWT3BHOGh3A==

postcss-discard-overridden@^5.1.0:
  version "5.1.0"
  resolved "https://registry.yarnpkg.com/postcss-discard-overridden/-/postcss-discard-overridden-5.1.0.tgz#7e8c5b53325747e9d90131bb88635282fb4a276e"
  integrity sha512-21nOL7RqWR1kasIVdKs8HNqQJhFxLsyRfAnUDm4Fe4t4mCWL9OJiHvlHPjcd8zc5Myu89b/7wZDnOSjFgeWRtw==

postcss-merge-longhand@^5.1.3:
  version "5.1.3"
  resolved "https://registry.yarnpkg.com/postcss-merge-longhand/-/postcss-merge-longhand-5.1.3.tgz#a49e2be6237316e3b55e329e0a8da15d1f9f47ab"
  integrity sha512-lX8GPGvZ0iGP/IboM7HXH5JwkXvXod1Rr8H8ixwiA372hArk0zP4ZcCy4z4Prg/bfNlbbTf0KCOjCF9kKnpP/w==
  dependencies:
    postcss-value-parser "^4.2.0"
    stylehacks "^5.1.0"

postcss-merge-rules@^5.1.1:
  version "5.1.1"
  resolved "https://registry.yarnpkg.com/postcss-merge-rules/-/postcss-merge-rules-5.1.1.tgz#d327b221cd07540bcc8d9ff84446d8b404d00162"
  integrity sha512-8wv8q2cXjEuCcgpIB1Xx1pIy8/rhMPIQqYKNzEdyx37m6gpq83mQQdCxgIkFgliyEnKvdwJf/C61vN4tQDq4Ww==
  dependencies:
    browserslist "^4.16.6"
    caniuse-api "^3.0.0"
    cssnano-utils "^3.1.0"
    postcss-selector-parser "^6.0.5"

postcss-minify-font-values@^5.1.0:
  version "5.1.0"
  resolved "https://registry.yarnpkg.com/postcss-minify-font-values/-/postcss-minify-font-values-5.1.0.tgz#f1df0014a726083d260d3bd85d7385fb89d1f01b"
  integrity sha512-el3mYTgx13ZAPPirSVsHqFzl+BBBDrXvbySvPGFnQcTI4iNslrPaFq4muTkLZmKlGk4gyFAYUBMH30+HurREyA==
  dependencies:
    postcss-value-parser "^4.2.0"

postcss-minify-gradients@^5.1.1:
  version "5.1.1"
  resolved "https://registry.yarnpkg.com/postcss-minify-gradients/-/postcss-minify-gradients-5.1.1.tgz#f1fe1b4f498134a5068240c2f25d46fcd236ba2c"
  integrity sha512-VGvXMTpCEo4qHTNSa9A0a3D+dxGFZCYwR6Jokk+/3oB6flu2/PnPXAh2x7x52EkY5xlIHLm+Le8tJxe/7TNhzw==
  dependencies:
    colord "^2.9.1"
    cssnano-utils "^3.1.0"
    postcss-value-parser "^4.2.0"

postcss-minify-params@^5.1.2:
  version "5.1.2"
  resolved "https://registry.yarnpkg.com/postcss-minify-params/-/postcss-minify-params-5.1.2.tgz#77e250780c64198289c954884ebe3ee4481c3b1c"
  integrity sha512-aEP+p71S/urY48HWaRHasyx4WHQJyOYaKpQ6eXl8k0kxg66Wt/30VR6/woh8THgcpRbonJD5IeD+CzNhPi1L8g==
  dependencies:
    browserslist "^4.16.6"
    cssnano-utils "^3.1.0"
    postcss-value-parser "^4.2.0"

postcss-minify-selectors@^5.2.0:
  version "5.2.0"
  resolved "https://registry.yarnpkg.com/postcss-minify-selectors/-/postcss-minify-selectors-5.2.0.tgz#17c2be233e12b28ffa8a421a02fc8b839825536c"
  integrity sha512-vYxvHkW+iULstA+ctVNx0VoRAR4THQQRkG77o0oa4/mBS0OzGvvzLIvHDv/nNEM0crzN2WIyFU5X7wZhaUK3RA==
  dependencies:
    postcss-selector-parser "^6.0.5"

postcss-normalize-charset@^5.1.0:
  version "5.1.0"
  resolved "https://registry.yarnpkg.com/postcss-normalize-charset/-/postcss-normalize-charset-5.1.0.tgz#9302de0b29094b52c259e9b2cf8dc0879879f0ed"
  integrity sha512-mSgUJ+pd/ldRGVx26p2wz9dNZ7ji6Pn8VWBajMXFf8jk7vUoSrZ2lt/wZR7DtlZYKesmZI680qjr2CeFF2fbUg==

postcss-normalize-display-values@^5.1.0:
  version "5.1.0"
  resolved "https://registry.yarnpkg.com/postcss-normalize-display-values/-/postcss-normalize-display-values-5.1.0.tgz#72abbae58081960e9edd7200fcf21ab8325c3da8"
  integrity sha512-WP4KIM4o2dazQXWmFaqMmcvsKmhdINFblgSeRgn8BJ6vxaMyaJkwAzpPpuvSIoG/rmX3M+IrRZEz2H0glrQNEA==
  dependencies:
    postcss-value-parser "^4.2.0"

postcss-normalize-positions@^5.1.0:
  version "5.1.0"
  resolved "https://registry.yarnpkg.com/postcss-normalize-positions/-/postcss-normalize-positions-5.1.0.tgz#902a7cb97cf0b9e8b1b654d4a43d451e48966458"
  integrity sha512-8gmItgA4H5xiUxgN/3TVvXRoJxkAWLW6f/KKhdsH03atg0cB8ilXnrB5PpSshwVu/dD2ZsRFQcR1OEmSBDAgcQ==
  dependencies:
    postcss-value-parser "^4.2.0"

postcss-normalize-repeat-style@^5.1.0:
  version "5.1.0"
  resolved "https://registry.yarnpkg.com/postcss-normalize-repeat-style/-/postcss-normalize-repeat-style-5.1.0.tgz#f6d6fd5a54f51a741cc84a37f7459e60ef7a6398"
  integrity sha512-IR3uBjc+7mcWGL6CtniKNQ4Rr5fTxwkaDHwMBDGGs1x9IVRkYIT/M4NelZWkAOBdV6v3Z9S46zqaKGlyzHSchw==
  dependencies:
    postcss-value-parser "^4.2.0"

postcss-normalize-string@^5.1.0:
  version "5.1.0"
  resolved "https://registry.yarnpkg.com/postcss-normalize-string/-/postcss-normalize-string-5.1.0.tgz#411961169e07308c82c1f8c55f3e8a337757e228"
  integrity sha512-oYiIJOf4T9T1N4i+abeIc7Vgm/xPCGih4bZz5Nm0/ARVJ7K6xrDlLwvwqOydvyL3RHNf8qZk6vo3aatiw/go3w==
  dependencies:
    postcss-value-parser "^4.2.0"

postcss-normalize-timing-functions@^5.1.0:
  version "5.1.0"
  resolved "https://registry.yarnpkg.com/postcss-normalize-timing-functions/-/postcss-normalize-timing-functions-5.1.0.tgz#d5614410f8f0b2388e9f240aa6011ba6f52dafbb"
  integrity sha512-DOEkzJ4SAXv5xkHl0Wa9cZLF3WCBhF3o1SKVxKQAa+0pYKlueTpCgvkFAHfk+Y64ezX9+nITGrDZeVGgITJXjg==
  dependencies:
    postcss-value-parser "^4.2.0"

postcss-normalize-unicode@^5.1.0:
  version "5.1.0"
  resolved "https://registry.yarnpkg.com/postcss-normalize-unicode/-/postcss-normalize-unicode-5.1.0.tgz#3d23aede35e160089a285e27bf715de11dc9db75"
  integrity sha512-J6M3MizAAZ2dOdSjy2caayJLQT8E8K9XjLce8AUQMwOrCvjCHv24aLC/Lps1R1ylOfol5VIDMaM/Lo9NGlk1SQ==
  dependencies:
    browserslist "^4.16.6"
    postcss-value-parser "^4.2.0"

postcss-normalize-url@^5.1.0:
  version "5.1.0"
  resolved "https://registry.yarnpkg.com/postcss-normalize-url/-/postcss-normalize-url-5.1.0.tgz#ed9d88ca82e21abef99f743457d3729a042adcdc"
  integrity sha512-5upGeDO+PVthOxSmds43ZeMeZfKH+/DKgGRD7TElkkyS46JXAUhMzIKiCa7BabPeIy3AQcTkXwVVN7DbqsiCew==
  dependencies:
    normalize-url "^6.0.1"
    postcss-value-parser "^4.2.0"

postcss-normalize-whitespace@^5.1.1:
  version "5.1.1"
  resolved "https://registry.yarnpkg.com/postcss-normalize-whitespace/-/postcss-normalize-whitespace-5.1.1.tgz#08a1a0d1ffa17a7cc6efe1e6c9da969cc4493cfa"
  integrity sha512-83ZJ4t3NUDETIHTa3uEg6asWjSBYL5EdkVB0sDncx9ERzOKBVJIUeDO9RyA9Zwtig8El1d79HBp0JEi8wvGQnA==
  dependencies:
    postcss-value-parser "^4.2.0"

postcss-ordered-values@^5.1.1:
  version "5.1.1"
  resolved "https://registry.yarnpkg.com/postcss-ordered-values/-/postcss-ordered-values-5.1.1.tgz#0b41b610ba02906a3341e92cab01ff8ebc598adb"
  integrity sha512-7lxgXF0NaoMIgyihL/2boNAEZKiW0+HkMhdKMTD93CjW8TdCy2hSdj8lsAo+uwm7EDG16Da2Jdmtqpedl0cMfw==
  dependencies:
    cssnano-utils "^3.1.0"
    postcss-value-parser "^4.2.0"

postcss-reduce-initial@^5.1.0:
  version "5.1.0"
  resolved "https://registry.yarnpkg.com/postcss-reduce-initial/-/postcss-reduce-initial-5.1.0.tgz#fc31659ea6e85c492fb2a7b545370c215822c5d6"
  integrity sha512-5OgTUviz0aeH6MtBjHfbr57tml13PuedK/Ecg8szzd4XRMbYxH4572JFG067z+FqBIf6Zp/d+0581glkvvWMFw==
  dependencies:
    browserslist "^4.16.6"
    caniuse-api "^3.0.0"

postcss-reduce-transforms@^5.1.0:
  version "5.1.0"
  resolved "https://registry.yarnpkg.com/postcss-reduce-transforms/-/postcss-reduce-transforms-5.1.0.tgz#333b70e7758b802f3dd0ddfe98bb1ccfef96b6e9"
  integrity sha512-2fbdbmgir5AvpW9RLtdONx1QoYG2/EtqpNQbFASDlixBbAYuTcJ0dECwlqNqH7VbaUnEnh8SrxOe2sRIn24XyQ==
  dependencies:
    postcss-value-parser "^4.2.0"

postcss-reporter@^7.0.5:
  version "7.0.5"
  resolved "https://registry.yarnpkg.com/postcss-reporter/-/postcss-reporter-7.0.5.tgz#e55bd0fdf8d17e4f25fb55e9143fcd79349a2ceb"
  integrity sha512-glWg7VZBilooZGOFPhN9msJ3FQs19Hie7l5a/eE6WglzYqVeH3ong3ShFcp9kDWJT1g2Y/wd59cocf9XxBtkWA==
  dependencies:
    picocolors "^1.0.0"
    thenby "^1.3.4"

postcss-selector-parser@^6.0.4, postcss-selector-parser@^6.0.5, postcss-selector-parser@^6.0.9:
  version "6.0.9"
  resolved "https://registry.yarnpkg.com/postcss-selector-parser/-/postcss-selector-parser-6.0.9.tgz#ee71c3b9ff63d9cd130838876c13a2ec1a992b2f"
  integrity sha512-UO3SgnZOVTwu4kyLR22UQ1xZh086RyNZppb7lLAKBFK8a32ttG5i87Y/P3+2bRSjZNyJ1B7hfFNo273tKe9YxQ==
  dependencies:
    cssesc "^3.0.0"
    util-deprecate "^1.0.2"

postcss-svgo@^5.1.0:
  version "5.1.0"
  resolved "https://registry.yarnpkg.com/postcss-svgo/-/postcss-svgo-5.1.0.tgz#0a317400ced789f233a28826e77523f15857d80d"
  integrity sha512-D75KsH1zm5ZrHyxPakAxJWtkyXew5qwS70v56exwvw542d9CRtTo78K0WeFxZB4G7JXKKMbEZtZayTGdIky/eA==
  dependencies:
    postcss-value-parser "^4.2.0"
    svgo "^2.7.0"

postcss-unique-selectors@^5.1.1:
  version "5.1.1"
  resolved "https://registry.yarnpkg.com/postcss-unique-selectors/-/postcss-unique-selectors-5.1.1.tgz#a9f273d1eacd09e9aa6088f4b0507b18b1b541b6"
  integrity sha512-5JiODlELrz8L2HwxfPnhOWZYWDxVHWL83ufOv84NrcgipI7TaeRsatAhK4Tr2/ZiYldpK/wBvw5BD3qfaK96GA==
  dependencies:
    postcss-selector-parser "^6.0.5"

postcss-value-parser@^4.2.0:
  version "4.2.0"
  resolved "https://registry.yarnpkg.com/postcss-value-parser/-/postcss-value-parser-4.2.0.tgz#723c09920836ba6d3e5af019f92bc0971c02e514"
  integrity sha512-1NNCs6uurfkVbeXG4S8JFT9t19m45ICnif8zWLd5oPSZ50QnwMfK+H3jv408d4jw/7Bttv5axS5IiHoLaVNHeQ==

postcss@^8.4.12:
  version "8.4.12"
  resolved "https://registry.yarnpkg.com/postcss/-/postcss-8.4.12.tgz#1e7de78733b28970fa4743f7da6f3763648b1905"
  integrity sha512-lg6eITwYe9v6Hr5CncVbK70SoioNQIq81nsaG86ev5hAidQvmOeETBqs7jm43K2F5/Ley3ytDtriImV6TpNiSg==
  dependencies:
    nanoid "^3.3.1"
    picocolors "^1.0.0"
    source-map-js "^1.0.2"

source-map-js@^1.0.2:
  version "1.0.2"
  resolved "https://registry.yarnpkg.com/source-map-js/-/source-map-js-1.0.2.tgz#adbc361d9c62df380125e7f161f71c826f1e490c"
  integrity sha512-R0XvVJ9WusLiqTCEiGCmICCMplcCkIwwR11mOSD9CR5u+IXYdiseeEuXCVAjS54zqwkLcPNnmU4OeJ6tUrWhDw==

source-map-support@~0.5.20:
  version "0.5.21"
  resolved "https://registry.yarnpkg.com/source-map-support/-/source-map-support-0.5.21.tgz#04fe7c7f9e1ed2d662233c28cb2b35b9f63f6e4f"
  integrity sha512-uBHU3L3czsIyYXKX88fdrGovxdSCoTGDRZ6SYXtSRxLZUzHg5P/66Ht6uoUlHu9EZod+inXhKo3qQgwXUT/y1w==
  dependencies:
    buffer-from "^1.0.0"
    source-map "^0.6.0"

source-map@^0.6.0, source-map@^0.6.1:
  version "0.6.1"
  resolved "https://registry.yarnpkg.com/source-map/-/source-map-0.6.1.tgz#74722af32e9614e9c287a8d0bbde48b5e2f1a263"
  integrity sha512-UjgapumWlbMhkBgzT7Ykc5YXUT46F0iKu8SGXq0bcwP5dz/h0Plj6enJqjz1Zbq2l5WaqYnrVbwWOWMyF3F47g==

source-map@~0.7.2:
  version "0.7.3"
  resolved "https://registry.yarnpkg.com/source-map/-/source-map-0.7.3.tgz#5302f8169031735226544092e64981f751750383"
  integrity sha512-CkCj6giN3S+n9qrYiBTX5gystlENnRW5jZeNLHpe6aue+SrHcG5VYwujhW9s4dY31mEGsxBDrHR6oI69fTXsaQ==

stable@^0.1.8:
  version "0.1.8"
  resolved "https://registry.yarnpkg.com/stable/-/stable-0.1.8.tgz#836eb3c8382fe2936feaf544631017ce7d47a3cf"
  integrity sha512-ji9qxRnOVfcuLDySj9qzhGSEFVobyt1kIOSkj1qZzYLzq7Tos/oUUWvotUPQLlrsidqsK6tBH89Bc9kL5zHA6w==

stylehacks@^5.1.0:
  version "5.1.0"
  resolved "https://registry.yarnpkg.com/stylehacks/-/stylehacks-5.1.0.tgz#a40066490ca0caca04e96c6b02153ddc39913520"
  integrity sha512-SzLmvHQTrIWfSgljkQCw2++C9+Ne91d/6Sp92I8c5uHTcy/PgeHamwITIbBW9wnFTY/3ZfSXR9HIL6Ikqmcu6Q==
  dependencies:
    browserslist "^4.16.6"
    postcss-selector-parser "^6.0.4"

supports-color@^5.3.0:
  version "5.5.0"
  resolved "https://registry.yarnpkg.com/supports-color/-/supports-color-5.5.0.tgz#e2e69a44ac8772f78a1ec0b35b689df6530efc8f"
  integrity sha512-QjVjwdXIt408MIiAqCX4oUKsgU2EqAGzs2Ppkm4aQYbjm+ZEWEcW4SfFNTr4uMNZma0ey4f5lgLrkB0aX0QMow==
  dependencies:
    has-flag "^3.0.0"

svgo@^2.7.0:
  version "2.8.0"
  resolved "https://registry.yarnpkg.com/svgo/-/svgo-2.8.0.tgz#4ff80cce6710dc2795f0c7c74101e6764cfccd24"
  integrity sha512-+N/Q9kV1+F+UeWYoSiULYo4xYSDQlTgb+ayMobAXPwMnLvop7oxKMo9OzIrX5x3eS4L4f2UHhc9axXwY8DpChg==
  dependencies:
    "@trysound/sax" "0.2.0"
    commander "^7.2.0"
    css-select "^4.1.3"
    css-tree "^1.1.3"
    csso "^4.2.0"
    picocolors "^1.0.0"
    stable "^0.1.8"

terser@^5.12.1:
  version "5.12.1"
  resolved "https://registry.yarnpkg.com/terser/-/terser-5.12.1.tgz#4cf2ebed1f5bceef5c83b9f60104ac4a78b49e9c"
  integrity sha512-NXbs+7nisos5E+yXwAD+y7zrcTkMqb0dEJxIGtSKPdCBzopf7ni4odPul2aechpV7EXNvOudYOX2bb5tln1jbQ==
  dependencies:
    acorn "^8.5.0"
    commander "^2.20.0"
    source-map "~0.7.2"
    source-map-support "~0.5.20"

thenby@^1.3.4:
  version "1.3.4"
  resolved "https://registry.yarnpkg.com/thenby/-/thenby-1.3.4.tgz#81581f6e1bb324c6dedeae9bfc28e59b1a2201cc"
  integrity sha512-89Gi5raiWA3QZ4b2ePcEwswC3me9JIg+ToSgtE0JWeCynLnLxNr/f9G+xfo9K+Oj4AFdom8YNJjibIARTJmapQ==

timsort@^0.3.0:
  version "0.3.0"
  resolved "https://registry.yarnpkg.com/timsort/-/timsort-0.3.0.tgz#405411a8e7e6339fe64db9a234de11dc31e02bd4"
  integrity sha1-QFQRqOfmM5/mTbmiNN4R3DHgK9Q=

util-deprecate@^1.0.2:
  version "1.0.2"
  resolved "https://registry.yarnpkg.com/util-deprecate/-/util-deprecate-1.0.2.tgz#450d4dc9fa70de732762fbd2d4a28981419a0ccf"
  integrity sha1-RQ1Nyfpw3nMnYvvS1KKJgUGaDM8=

yaml@^1.10.2:
  version "1.10.2"
  resolved "https://registry.yarnpkg.com/yaml/-/yaml-1.10.2.tgz#2301c5ffbf12b467de8da2333a459e29e7920e4b"
  integrity sha512-r3vXyErRCYJ7wg28yvBY5VSoAF8ZvlcW9/BwUzEtUsjvX/DKs24dIkuwjtuprwJJHsbyUbLApepYTR1BN4uHrg==
